
Microsoft Visual Studio Solution File, Format Version 12.00
# Visual Studio Version 17
VisualStudioVersion = 17.1.32319.34
MinimumVisualStudioVersion = 10.0.40219.1
Project("{FAE04EC0-301F-11D3-BF4B-00C04F79EFBC}") = "HW19_mvvm_notebook", "HW19_mvvm_notebook.csproj", "{E2CBA371-2744-4539-A088-90AF5D19CB61}"
EndProject
Global
	GlobalSection(SolutionConfigurationPlatforms) = preSolution
		Debug|Any CPU = Debug|Any CPU
		Release|Any CPU = Release|Any CPU
	EndGlobalSection
	GlobalSection(ProjectConfigurationPlatforms) = postSolution
		{E2CBA371-2744-4539-A088-90AF5D19CB61}.Debug|Any CPU.ActiveCfg = Debug|Any CPU
		{E2CBA371-2744-4539-A088-90AF5D19CB61}.Debug|Any CPU.Build.0 = Debug|Any CPU
		{E2CBA371-2744-4539-A088-90AF5D19CB61}.Release|Any CPU.ActiveCfg = Release|Any CPU
		{E2CBA371-2744-4539-A088-90AF5D19CB61}.Release|Any CPU.Build.0 = Release|Any CPU
	EndGlobalSection
	GlobalSection(SolutionProperties) = preSolution
		HideSolutionNode = FALSE
	EndGlobalSection
	GlobalSection(ExtensibilityGlobals) = postSolution
		SolutionGuid = {31AFAC8D-F762-4286-B48B-8F84EE59E716}
	EndGlobalSection
EndGlobal
